// !$*UTF8*$!
{
	archiveVersion = 1;
	classes = {
	};
	objectVersion = 50;
	objects = {

/* Begin PBXBuildFile section */
		9ACF93B925FB99CA009C800E /* AppDelegate.swift in Sources */ = {isa = PBXBuildFile; fileRef = 9ACF93B825FB99CA009C800E /* AppDelegate.swift */; };
		9ACF93BB25FB99CA009C800E /* SceneDelegate.swift in Sources */ = {isa = PBXBuildFile; fileRef = 9ACF93BA25FB99CA009C800E /* SceneDelegate.swift */; };
		9ACF93BD25FB99CA009C800E /* ViewController.swift in Sources */ = {isa = PBXBuildFile; fileRef = 9ACF93BC25FB99CA009C800E /* ViewController.swift */; };
		9ACF93C025FB99CA009C800E /* Main.storyboard in Resources */ = {isa = PBXBuildFile; fileRef = 9ACF93BE25FB99CA009C800E /* Main.storyboard */; };
		9ACF93C225FB99CE009C800E /* Assets.xcassets in Resources */ = {isa = PBXBuildFile; fileRef = 9ACF93C125FB99CE009C800E /* Assets.xcassets */; };
		9ACF93C525FB99CE009C800E /* LaunchScreen.storyboard in Resources */ = {isa = PBXBuildFile; fileRef = 9ACF93C325FB99CE009C800E /* LaunchScreen.storyboard */; };
/* End PBXBuildFile section */

/* Begin PBXFileReference section */
		9ACF93B525FB99CA009C800E /* GitHub_friends.app */ = {isa = PBXFileReference; explicitFileType = wrapper.application; includeInIndex = 0; path = GitHub_friends.app; sourceTree = BUILT_PRODUCTS_DIR; };
		9ACF93B825FB99CA009C800E /* AppDelegate.swift */ = {isa = PBXFileReference; lastKnownFileType = sourcecode.swift; path = AppDelegate.swift; sourceTree = "<group>"; };
		9ACF93BA25FB99CA009C800E /* SceneDelegate.swift */ = {isa = PBXFileReference; lastKnownFileType = sourcecode.swift; path = SceneDelegate.swift; sourceTree = "<group>"; };
		9ACF93BC25FB99CA009C800E /* ViewController.swift */ = {isa = PBXFileReference; lastKnownFileType = sourcecode.swift; path = ViewController.swift; sourceTree = "<group>"; };
		9ACF93BF25FB99CA009C800E /* Base */ = {isa = PBXFileReference; lastKnownFileType = file.storyboard; name = Base; path = Base.lproj/Main.storyboard; sourceTree = "<group>"; };
		9ACF93C125FB99CE009C800E /* Assets.xcassets */ = {isa = PBXFileReference; lastKnownFileType = folder.assetcatalog; path = Assets.xcassets; sourceTree = "<group>"; };
		9ACF93C425FB99CE009C800E /* Base */ = {isa = PBXFileReference; lastKnownFileType = file.storyboard; name = Base; path = Base.lproj/LaunchScreen.storyboard; sourceTree = "<group>"; };
		9ACF93C625FB99CE009C800E /* Info.plist */ = {isa = PBXFileReference; lastKnownFileType = text.plist.xml; path = Info.plist; sourceTree = "<group>"; };
/* End PBXFileReference section */

/* Begin PBXFrameworksBuildPhase section */
		9ACF93B225FB99CA009C800E /* Frameworks */ = {
			isa = PBXFrameworksBuildPhase;
			buildActionMask = 2147483647;
			files = (
			);
			runOnlyForDeploymentPostprocessing = 0;
		};
/* End PBXFrameworksBuildPhase section */

/* Begin PBXGroup section */
		9ACF93AC25FB99CA009C800E = {
			isa = PBXGroup;
			children = (
				9ACF93B725FB99CA009C800E /* GitHub_friends */,
				9ACF93B625FB99CA009C800E /* Products */,
			);
			sourceTree = "<group>";
		};
		9ACF93B625FB99CA009C800E /* Products */ = {
			isa = PBXGroup;
			children = (
				9ACF93B525FB99CA009C800E /* GitHub_friends.app */,
			);
			name = Products;
			sourceTree = "<group>";
		};
		9ACF93B725FB99CA009C800E /* GitHub_friends */ = {
			isa = PBXGroup;
			children = (
				9ACF93B825FB99CA009C800E /* AppDelegate.swift */,
				9ACF93BA25FB99CA009C800E /* SceneDelegate.swift */,
				9ACF93BC25FB99CA009C800E /* ViewController.swift */,
				9ACF93BE25FB99CA009C800E /* Main.storyboard */,
				9ACF93C125FB99CE009C800E /* Assets.xcassets */,
				9ACF93C325FB99CE009C800E /* LaunchScreen.storyboard */,
				9ACF93C625FB99CE009C800E /* Info.plist */,
			);
			path = GitHub_friends;
			sourceTree = "<group>";
		};
/* End PBXGroup section */

/* Begin PBXNativeTarget section */
		9ACF93B425FB99CA009C800E /* GitHub_friends */ = {
			isa = PBXNativeTarget;
			buildConfigurationList = 9ACF93C925FB99CE009C800E /* Build configuration list for PBXNativeTarget "GitHub_friends" */;
			buildPhases = (
				9ACF93B125FB99CA009C800E /* Sources */,
				9ACF93B225FB99CA009C800E /* Frameworks */,
				9ACF93B325FB99CA009C800E /* Resources */,
			);
			buildRules = (
			);
			dependencies = (
			);
			name = GitHub_friends;
			productName = GitHub_friends;
			productReference = 9ACF93B525FB99CA009C800E /* GitHub_friends.app */;
			productType = "com.apple.product-type.application";
		};
/* End PBXNativeTarget section */

/* Begin PBXProject section */
		9ACF93AD25FB99CA009C800E /* Project object */ = {
			isa = PBXProject;
			attributes = {
				LastSwiftUpdateCheck = 1230;
				LastUpgradeCheck = 1230;
				TargetAttributes = {
					9ACF93B425FB99CA009C800E = {
						CreatedOnToolsVersion = 12.3;
					};
				};
			};
			buildConfigurationList = 9ACF93B025FB99CA009C800E /* Build configuration list for PBXProject "GitHub_friends" */;
			compatibilityVersion = "Xcode 9.3";
			developmentRegion = en;
			hasScannedForEncodings = 0;
			knownRegions = (
				en,
				Base,
			);
			mainGroup = 9ACF93AC25FB99CA009C800E;
			productRefGroup = 9ACF93B625FB99CA009C800E /* Products */;
			projectDirPath = "";
			projectRoot = "";
			targets = (
				9ACF93B425FB99CA009C800E /* GitHub_friends */,
			);
		};
/* End PBXProject section */

/* Begin PBXResourcesBuildPhase section */
		9ACF93B325FB99CA009C800E /* Resources */ = {
			isa = PBXResourcesBuildPhase;
			buildActionMask = 2147483647;
			files = (
				9ACF93C525FB99CE009C800E /* LaunchScreen.storyboard in Resources */,
				9ACF93C225FB99CE009C800E /* Assets.xcassets in Resources */,
				9ACF93C025FB99CA009C800E /* Main.storyboard in Resources */,
			);
			runOnlyForDeploymentPostprocessing = 0;
		};
/* End PBXResourcesBuildPhase section */

/* Begin PBXSourcesBuildPhase section */
		9ACF93B125FB99CA009C800E /* Sources */ = {
			isa = PBXSourcesBuildPhase;
			buildActionMask = 2147483647;
			files = (
				9ACF93BD25FB99CA009C800E /* ViewController.swift in Sources */,
				9ACF93B925FB99CA009C800E /* AppDelegate.swift in Sources */,
				9ACF93BB25FB99CA009C800E /* SceneDelegate.swift in Sources */,
			);
			runOnlyForDeploymentPostprocessing = 0;
		};
/* End PBXSourcesBuildPhase section */

/* Begin PBXVariantGroup section */
		9ACF93BE25FB99CA009C800E /* Main.storyboard */ = {
			isa = PBXVariantGroup;
			children = (
				9ACF93BF25FB99CA009C800E /* Base */,
			);
			name = Main.storyboard;
			sourceTree = "<group>";
		};
		9ACF93C325FB99CE009C800E /* LaunchScreen.storyboard */ = {
			isa = PBXVariantGroup;
			children = (
				9ACF93C425FB99CE009C800E /* Base */,
			);
			name = LaunchScreen.storyboard;
			sourceTree = "<group>";
		};
/* End PBXVariantGroup section */

/* Begin XCBuildConfiguration section */
		9ACF93C725FB99CE009C800E /* Debug */ = {
			isa = XCBuildConfiguration;
			buildSettings = {
				ALWAYS_SEARCH_USER_PATHS = NO;
				CLANG_ANALYZER_NONNULL = YES;
				CLANG_ANALYZER_NUMBER_OBJECT_CONVERSION = YES_AGGRESSIVE;
				CLANG_CXX_LANGUAGE_STANDARD = "gnu++14";
				CLANG_CXX_LIBRARY = "libc++";
				CLANG_ENABLE_MODULES = YES;
				CLANG_ENABLE_OBJC_ARC = YES;
				CLANG_ENABLE_OBJC_WEAK = YES;
				CLANG_WARN_BLOCK_CAPTURE_AUTORELEASING = YES;
				CLANG_WARN_BOOL_CONVERSION = YES;
				CLANG_WARN_COMMA = YES;
				CLANG_WARN_CONSTANT_CONVERSION = YES;
				CLANG_WARN_DEPRECATED_OBJC_IMPLEMENTATIONS = YES;
				CLANG_WARN_DIRECT_OBJC_ISA_USAGE = YES_ERROR;
				CLANG_WARN_DOCUMENTATION_COMMENTS = YES;
				CLANG_WARN_EMPTY_BODY = YES;
				CLANG_WARN_ENUM_CONVERSION = YES;
				CLANG_WARN_INFINITE_RECURSION = YES;
				CLANG_WARN_INT_CONVERSION = YES;
				CLANG_WARN_NON_LITERAL_NULL_CONVERSION = YES;
				CLANG_WARN_OBJC_IMPLICIT_RETAIN_SELF = YES;
				CLANG_WARN_OBJC_LITERAL_CONVERSION = YES;
				CLANG_WARN_OBJC_ROOT_CLASS = YES_ERROR;
				CLANG_WARN_QUOTED_INCLUDE_IN_FRAMEWORK_HEADER = YES;
				CLANG_WARN_RANGE_LOOP_ANALYSIS = YES;
				CLANG_WARN_STRICT_PROTOTYPES = YES;
				CLANG_WARN_SUSPICIOUS_MOVE = YES;
				CLANG_WARN_UNGUARDED_AVAILABILITY = YES_AGGRESSIVE;
				CLANG_WARN_UNREACHABLE_CODE = YES;
				CLANG_WARN__DUPLICATE_METHOD_MATCH = YES;
				COPY_PHASE_STRIP = NO;
				DEBUG_INFORMATION_FORMAT = dwarf;
				ENABLE_STRICT_OBJC_MSGSEND = YES;
				ENABLE_TESTABILITY = YES;
				GCC_C_LANGUAGE_STANDARD = gnu11;
				GCC_DYNAMIC_NO_PIC = NO;
				GCC_NO_COMMON_BLOCKS = YES;
				GCC_OPTIMIZATION_LEVEL = 0;
				GCC_PREPROCESSOR_DEFINITIONS = (
					"DEBUG=1",
					"$(inherited)",
				);
				GCC_WARN_64_TO_32_BIT_CONVERSION = YES;
				GCC_WARN_ABOUT_RETURN_TYPE = YES_ERROR;
				GCC_WARN_UNDECLARED_SELECTOR = YES;
				GCC_WARN_UNINITIALIZED_AUTOS = YES_AGGRESSIVE;
				GCC_WARN_UNUSED_FUNCTION = YES;
				GCC_WARN_UNUSED_VARIABLE = YES;
				IPHONEOS_DEPLOYMENT_TARGET = 14.3;
				MTL_ENABLE_DEBUG_INFO = INCLUDE_SOURCE;
				MTL_FAST_MATH = YES;
				ONLY_ACTIVE_ARCH = YES;
				SDKROOT = iphoneos;
				SWIFT_ACTIVE_COMPILATION_CONDITIONS = DEBUG;
				SWIFT_OPTIMIZATION_LEVEL = "-Onone";
			};
			name = Debug;
		};
		9ACF93C825FB99CE009C800E /* Release */ = {
			isa = XCBuildConfiguration;
			buildSettings = {
				ALWAYS_SEARCH_USER_PATHS = NO;
				CLANG_ANALYZER_NONNULL = YES;
				CLANG_ANALYZER_NUMBER_OBJECT_CONVERSION = YES_AGGRESSIVE;
				CLANG_CXX_LANGUAGE_STANDARD = "gnu++14";
				CLANG_CXX_LIBRARY = "libc++";
				CLANG_ENABLE_MODULES = YES;
				CLANG_ENABLE_OBJC_ARC = YES;
				CLANG_ENABLE_OBJC_WEAK = YES;
				CLANG_WARN_BLOCK_CAPTURE_AUTORELEASING = YES;
				CLANG_WARN_BOOL_CONVERSION = YES;
				CLANG_WARN_COMMA = YES;
				CLANG_WARN_CONSTANT_CONVERSION = YES;
				CLANG_WARN_DEPRECATED_OBJC_IMPLEMENTATIONS = YES;
				CLANG_WARN_DIRECT_OBJC_ISA_USAGE = YES_ERROR;
				CLANG_WARN_DOCUMENTATION_COMMENTS = YES;
				CLANG_WARN_EMPTY_BODY = YES;
				CLANG_WARN_ENUM_CONVERSION = YES;
				CLANG_WARN_INFINITE_RECURSION = YES;
				CLANG_WARN_INT_CONVERSION = YES;
				CLANG_WARN_NON_LITERAL_NULL_CONVERSION = YES;
				CLANG_WARN_OBJC_IMPLICIT_RETAIN_SELF = YES;
				CLANG_WARN_OBJC_LITERAL_CONVERSION = YES;
				CLANG_WARN_OBJC_ROOT_CLASS = YES_ERROR;
				CLANG_WARN_QUOTED_INCLUDE_IN_FRAMEWORK_HEADER = YES;
				CLANG_WARN_RANGE_LOOP_ANALYSIS = YES;
				CLANG_WARN_STRICT_PROTOTYPES = YES;
				CLANG_WARN_SUSPICIOUS_MOVE = YES;
				CLANG_WARN_UNGUARDED_AVAILABILITY = YES_AGGRESSIVE;
				CLANG_WARN_UNREACHABLE_CODE = YES;
				CLANG_WARN__DUPLICATE_METHOD_MATCH = YES;
				COPY_PHASE_STRIP = NO;
				DEBUG_INFORMATION_FORMAT = "dwarf-with-dsym";
				ENABLE_NS_ASSERTIONS = NO;
				ENABLE_STRICT_OBJC_MSGSEND = YES;
				GCC_C_LANGUAGE_STANDARD = gnu11;
				GCC_NO_COMMON_BLOCKS = YES;
				GCC_WARN_64_TO_32_BIT_CONVERSION = YES;
				GCC_WARN_ABOUT_RETURN_TYPE = YES_ERROR;
				GCC_WARN_UNDECLARED_SELECTOR = YES;
				GCC_WARN_UNINITIALIZED_AUTOS = YES_AGGRESSIVE;
				GCC_WARN_UNUSED_FUNCTION = YES;
				GCC_WARN_UNUSED_VARIABLE = YES;
				IPHONEOS_DEPLOYMENT_TARGET = 14.3;
				MTL_ENABLE_DEBUG_INFO = NO;
				MTL_FAST_MATH = YES;
				SDKROOT = iphoneos;
				SWIFT_COMPILATION_MODE = wholemodule;
				SWIFT_OPTIMIZATION_LEVEL = "-O";
				VALIDATE_PRODUCT = YES;
			};
			name = Release;
		};
		9ACF93CA25FB99CE009C800E /* Debug */ = {
			isa = XCBuildConfiguration;
			buildSettings = {
				ASSETCATALOG_COMPILER_APPICON_NAME = AppIcon;
				ASSETCATALOG_COMPILER_GLOBAL_ACCENT_COLOR_NAME = AccentColor;
				CODE_SIGN_STYLE = Automatic;
				DEVELOPMENT_TEAM = QU2XBTHQ37;
				INFOPLIST_FILE = GitHub_friends/Info.plist;
				LD_RUNPATH_SEARCH_PATHS = (
					"$(inherited)",
					"@executable_path/Frameworks",
				);
				PRODUCT_BUNDLE_IDENTIFIER = "com.alexmosunov.GitHub-friends";
				PRODUCT_NAME = "$(TARGET_NAME)";
				SWIFT_VERSION = 5.0;
				TARGETED_DEVICE_FAMILY = "1,2";
			};
			name = Debug;
		};
		9ACF93CB25FB99CE009C800E /* Release */ = {
			isa = XCBuildConfiguration;
			buildSettings = {
				ASSETCATALOG_COMPILER_APPICON_NAME = AppIcon;
				ASSETCATALOG_COMPILER_GLOBAL_ACCENT_COLOR_NAME = AccentColor;
				CODE_SIGN_STYLE = Automatic;
				DEVELOPMENT_TEAM = QU2XBTHQ37;
				INFOPLIST_FILE = GitHub_friends/Info.plist;
				LD_RUNPATH_SEARCH_PATHS = (
					"$(inherited)",
					"@executable_path/Frameworks",
				);
				PRODUCT_BUNDLE_IDENTIFIER = "com.alexmosunov.GitHub-friends";
				PRODUCT_NAME = "$(TARGET_NAME)";
				SWIFT_VERSION = 5.0;
				TARGETED_DEVICE_FAMILY = "1,2";
			};
			name = Release;
		};
/* End XCBuildConfiguration section */

/* Begin XCConfigurationList section */
		9ACF93B025FB99CA009C800E /* Build configuration list for PBXProject "GitHub_friends" */ = {
			isa = XCConfigurationList;
			buildConfigurations = (
				9ACF93C725FB99CE009C800E /* Debug */,
				9ACF93C825FB99CE009C800E /* Release */,
			);
			defaultConfigurationIsVisible = 0;
			defaultConfigurationName = Release;
		};
		9ACF93C925FB99CE009C800E /* Build configuration list for PBXNativeTarget "GitHub_friends" */ = {
			isa = XCConfigurationList;
			buildConfigurations = (
				9ACF93CA25FB99CE009C800E /* Debug */,
				9ACF93CB25FB99CE009C800E /* Release */,
			);
			defaultConfigurationIsVisible = 0;
			defaultConfigurationName = Release;
		};
/* End XCConfigurationList section */
	};
	rootObject = 9ACF93AD25FB99CA009C800E /* Project object */;
}
